github.com/darklab8/go-typelog v0.5.0 h1:7/lG9BH1svf2vcSOdNhYbFhKBr8tveHBgw4D/ChaISA=
github.com/darklab8/go-typelog v0.5.0/go.mod h1:AwwOf3dkp/tpevHFNbkB+PbwlDrUUgO1CVFkEnj+q5w=
github.com/darklab8/go-utils v0.11.1 h1:ll4XFxeMBUEIYkNIIcat55w31X8KwxQo0aJIn+uPK8A=
github.com/darklab8/go-utils v0.11.1/go.mod h1:zApy0zIFiGCw496OIot7dl8i2cAsQMyPyf3PCMMpS3g=
